
Microsoft Visual Studio Solution File, Format Version 12.00
# Visual Studio 2012
Project("{8BC9CEB8-8B4A-11D0-8D11-00A0C91BC942}") = "Rand0", "Rand0.vcxproj", "{ED340040-DD6E-41C8-AA61-0A85D2BD814E}"
EndProject
Global
	GlobalSection(SolutionConfigurationPlatforms) = preSolution
		Debug|Win32 = Debug|Win32
		Release|Win32 = Release|Win32
	EndGlobalSection
	GlobalSection(ProjectConfigurationPlatforms) = postSolution
		{ED340040-DD6E-41C8-AA61-0A85D2BD814E}.Debug|Win32.ActiveCfg = Debug|Win32
		{ED340040-DD6E-41C8-AA61-0A85D2BD814E}.Debug|Win32.Build.0 = Debug|Win32
		{ED340040-DD6E-41C8-AA61-0A85D2BD814E}.Release|Win32.ActiveCfg = Release|Win32
		{ED340040-DD6E-41C8-AA61-0A85D2BD814E}.Release|Win32.Build.0 = Release|Win32
	EndGlobalSection
	GlobalSection(SolutionProperties) = preSolution
		HideSolutionNode = FALSE
	EndGlobalSection
EndGlobal
